
Microsoft Visual Studio Solution File, Format Version 12.00
# Visual Studio 2013
VisualStudioVersion = 12.0.31101.0
MinimumVisualStudioVersion = 10.0.40219.1
Project("{656346D9-4656-40DA-A068-22D5425D4639}") = "PrimeQueryWPF", "PrimeQueryWPF\PrimeQueryWPF\PrimeQueryWPF.oxygene", "{1B757A46-DA4E-42C9-AD53-EA507F68A695}"
EndProject
Project("{656346D9-4656-40DA-A068-22D5425D4639}") = "PrimeQueryConsole", "PrimeQuery\PrimeQueryConsole.oxygene", "{313A745E-B09B-4460-A1C1-45A5DEDFF4AB}"
EndProject
Project("{656346D9-4656-40DA-A068-22D5425D4639}") = "PrimeQueryWP8", "V:\PrimeQuery\PrimeQueryWP8\PrimeQueryWP8.oxygene", "{AFA1FC1C-89A2-4B6C-A647-6668680322BE}"
EndProject
Project("{656346D9-4656-40DA-A068-22D5425D4639}") = "PrimeShared", "PrimeShared\PrimeShared.elements", "{21BA4269-84F4-45EA-872F-24BF16817BD3}"
EndProject
Project("{656346D9-4656-40DA-A068-22D5425D4639}") = "PrimeQueryTest", "PrimeQueryTest\PrimeQueryTest.oxygene", "{7B82DB90-04F6-421D-9F79-BB6127A2AC43}"
EndProject
Project("{656346D9-4656-40DA-A068-22D5425D4639}") = "PrimeQueryWebApp", "PrimeQueryWebApp\PrimeQueryWebApp.oxygene", "{6D86D318-8F9A-443E-8024-E2BE6D1A8031}"
EndProject
Global
	GlobalSection(SolutionConfigurationPlatforms) = preSolution
		Debug|Any CPU = Debug|Any CPU
		Debug|AnyCPU = Debug|AnyCPU
		Debug|ARM = Debug|ARM
		Debug|Mixed Platforms = Debug|Mixed Platforms
		Debug|x86 = Debug|x86
		Release|Any CPU = Release|Any CPU
		Release|AnyCPU = Release|AnyCPU
		Release|ARM = Release|ARM
		Release|Mixed Platforms = Release|Mixed Platforms
		Release|x86 = Release|x86
	EndGlobalSection
	GlobalSection(ProjectConfigurationPlatforms) = postSolution
		{1B757A46-DA4E-42C9-AD53-EA507F68A695}.Debug|Any CPU.ActiveCfg = Debug
		{1B757A46-DA4E-42C9-AD53-EA507F68A695}.Debug|Any CPU.Build.0 = Debug
		{1B757A46-DA4E-42C9-AD53-EA507F68A695}.Debug|AnyCPU.ActiveCfg = Debug
		{1B757A46-DA4E-42C9-AD53-EA507F68A695}.Debug|AnyCPU.Build.0 = Debug
		{1B757A46-DA4E-42C9-AD53-EA507F68A695}.Debug|ARM.ActiveCfg = Debug
		{1B757A46-DA4E-42C9-AD53-EA507F68A695}.Debug|ARM.Build.0 = Debug
		{1B757A46-DA4E-42C9-AD53-EA507F68A695}.Debug|Mixed Platforms.ActiveCfg = Debug
		{1B757A46-DA4E-42C9-AD53-EA507F68A695}.Debug|Mixed Platforms.Build.0 = Debug
		{1B757A46-DA4E-42C9-AD53-EA507F68A695}.Debug|x86.ActiveCfg = Debug
		{1B757A46-DA4E-42C9-AD53-EA507F68A695}.Debug|x86.Build.0 = Debug
		{1B757A46-DA4E-42C9-AD53-EA507F68A695}.Release|Any CPU.ActiveCfg = Release
		{1B757A46-DA4E-42C9-AD53-EA507F68A695}.Release|Any CPU.Build.0 = Release
		{1B757A46-DA4E-42C9-AD53-EA507F68A695}.Release|AnyCPU.ActiveCfg = Release
		{1B757A46-DA4E-42C9-AD53-EA507F68A695}.Release|AnyCPU.Build.0 = Release
		{1B757A46-DA4E-42C9-AD53-EA507F68A695}.Release|ARM.ActiveCfg = Release
		{1B757A46-DA4E-42C9-AD53-EA507F68A695}.Release|ARM.Build.0 = Release
		{1B757A46-DA4E-42C9-AD53-EA507F68A695}.Release|Mixed Platforms.ActiveCfg = Release
		{1B757A46-DA4E-42C9-AD53-EA507F68A695}.Release|Mixed Platforms.Build.0 = Release
		{1B757A46-DA4E-42C9-AD53-EA507F68A695}.Release|x86.ActiveCfg = Release
		{1B757A46-DA4E-42C9-AD53-EA507F68A695}.Release|x86.Build.0 = Release
		{313A745E-B09B-4460-A1C1-45A5DEDFF4AB}.Debug|Any CPU.ActiveCfg = Debug
		{313A745E-B09B-4460-A1C1-45A5DEDFF4AB}.Debug|Any CPU.Build.0 = Debug
		{313A745E-B09B-4460-A1C1-45A5DEDFF4AB}.Debug|AnyCPU.ActiveCfg = Debug
		{313A745E-B09B-4460-A1C1-45A5DEDFF4AB}.Debug|AnyCPU.Build.0 = Debug
		{313A745E-B09B-4460-A1C1-45A5DEDFF4AB}.Debug|ARM.ActiveCfg = Debug
		{313A745E-B09B-4460-A1C1-45A5DEDFF4AB}.Debug|ARM.Build.0 = Debug
		{313A745E-B09B-4460-A1C1-45A5DEDFF4AB}.Debug|Mixed Platforms.ActiveCfg = Debug
		{313A745E-B09B-4460-A1C1-45A5DEDFF4AB}.Debug|Mixed Platforms.Build.0 = Debug
		{313A745E-B09B-4460-A1C1-45A5DEDFF4AB}.Debug|x86.ActiveCfg = Debug
		{313A745E-B09B-4460-A1C1-45A5DEDFF4AB}.Debug|x86.Build.0 = Debug
		{313A745E-B09B-4460-A1C1-45A5DEDFF4AB}.Release|Any CPU.ActiveCfg = Release
		{313A745E-B09B-4460-A1C1-45A5DEDFF4AB}.Release|Any CPU.Build.0 = Release
		{313A745E-B09B-4460-A1C1-45A5DEDFF4AB}.Release|AnyCPU.ActiveCfg = Release
		{313A745E-B09B-4460-A1C1-45A5DEDFF4AB}.Release|AnyCPU.Build.0 = Release
		{313A745E-B09B-4460-A1C1-45A5DEDFF4AB}.Release|ARM.ActiveCfg = Release
		{313A745E-B09B-4460-A1C1-45A5DEDFF4AB}.Release|ARM.Build.0 = Release
		{313A745E-B09B-4460-A1C1-45A5DEDFF4AB}.Release|Mixed Platforms.ActiveCfg = Release
		{313A745E-B09B-4460-A1C1-45A5DEDFF4AB}.Release|Mixed Platforms.Build.0 = Release
		{313A745E-B09B-4460-A1C1-45A5DEDFF4AB}.Release|x86.ActiveCfg = Release
		{313A745E-B09B-4460-A1C1-45A5DEDFF4AB}.Release|x86.Build.0 = Release
		{AFA1FC1C-89A2-4B6C-A647-6668680322BE}.Debug|Any CPU.ActiveCfg = Debug|AnyCPU
		{AFA1FC1C-89A2-4B6C-A647-6668680322BE}.Debug|Any CPU.Build.0 = Debug|AnyCPU
		{AFA1FC1C-89A2-4B6C-A647-6668680322BE}.Debug|Any CPU.Deploy.0 = Debug|AnyCPU
		{AFA1FC1C-89A2-4B6C-A647-6668680322BE}.Debug|AnyCPU.ActiveCfg = Debug|AnyCPU
		{AFA1FC1C-89A2-4B6C-A647-6668680322BE}.Debug|AnyCPU.Build.0 = Debug|AnyCPU
		{AFA1FC1C-89A2-4B6C-A647-6668680322BE}.Debug|AnyCPU.Deploy.0 = Debug|AnyCPU
		{AFA1FC1C-89A2-4B6C-A647-6668680322BE}.Debug|ARM.ActiveCfg = Debug|ARM
		{AFA1FC1C-89A2-4B6C-A647-6668680322BE}.Debug|ARM.Build.0 = Debug|ARM
		{AFA1FC1C-89A2-4B6C-A647-6668680322BE}.Debug|ARM.Deploy.0 = Debug|ARM
		{AFA1FC1C-89A2-4B6C-A647-6668680322BE}.Debug|Mixed Platforms.ActiveCfg = Debug|ARM
		{AFA1FC1C-89A2-4B6C-A647-6668680322BE}.Debug|Mixed Platforms.Build.0 = Debug|ARM
		{AFA1FC1C-89A2-4B6C-A647-6668680322BE}.Debug|Mixed Platforms.Deploy.0 = Debug|ARM
		{AFA1FC1C-89A2-4B6C-A647-6668680322BE}.Debug|x86.ActiveCfg = Debug|x86
		{AFA1FC1C-89A2-4B6C-A647-6668680322BE}.Debug|x86.Build.0 = Debug|x86
		{AFA1FC1C-89A2-4B6C-A647-6668680322BE}.Debug|x86.Deploy.0 = Debug|x86
		{AFA1FC1C-89A2-4B6C-A647-6668680322BE}.Release|Any CPU.ActiveCfg = Release|AnyCPU
		{AFA1FC1C-89A2-4B6C-A647-6668680322BE}.Release|Any CPU.Build.0 = Release|AnyCPU
		{AFA1FC1C-89A2-4B6C-A647-6668680322BE}.Release|Any CPU.Deploy.0 = Release|AnyCPU
		{AFA1FC1C-89A2-4B6C-A647-6668680322BE}.Release|AnyCPU.ActiveCfg = Release|AnyCPU
		{AFA1FC1C-89A2-4B6C-A647-6668680322BE}.Release|AnyCPU.Build.0 = Release|AnyCPU
		{AFA1FC1C-89A2-4B6C-A647-6668680322BE}.Release|AnyCPU.Deploy.0 = Release|AnyCPU
		{AFA1FC1C-89A2-4B6C-A647-6668680322BE}.Release|ARM.ActiveCfg = Release|ARM
		{AFA1FC1C-89A2-4B6C-A647-6668680322BE}.Release|ARM.Build.0 = Release|ARM
		{AFA1FC1C-89A2-4B6C-A647-6668680322BE}.Release|ARM.Deploy.0 = Release|ARM
		{AFA1FC1C-89A2-4B6C-A647-6668680322BE}.Release|Mixed Platforms.ActiveCfg = Release|x86
		{AFA1FC1C-89A2-4B6C-A647-6668680322BE}.Release|Mixed Platforms.Build.0 = Release|x86
		{AFA1FC1C-89A2-4B6C-A647-6668680322BE}.Release|Mixed Platforms.Deploy.0 = Release|x86
		{AFA1FC1C-89A2-4B6C-A647-6668680322BE}.Release|x86.ActiveCfg = Release|x86
		{AFA1FC1C-89A2-4B6C-A647-6668680322BE}.Release|x86.Build.0 = Release|x86
		{AFA1FC1C-89A2-4B6C-A647-6668680322BE}.Release|x86.Deploy.0 = Release|x86
		{7B82DB90-04F6-421D-9F79-BB6127A2AC43}.Debug|Any CPU.ActiveCfg = Debug
		{7B82DB90-04F6-421D-9F79-BB6127A2AC43}.Debug|Any CPU.Build.0 = Debug
		{7B82DB90-04F6-421D-9F79-BB6127A2AC43}.Debug|AnyCPU.ActiveCfg = Debug
		{7B82DB90-04F6-421D-9F79-BB6127A2AC43}.Debug|AnyCPU.Build.0 = Debug
		{7B82DB90-04F6-421D-9F79-BB6127A2AC43}.Debug|ARM.ActiveCfg = Debug
		{7B82DB90-04F6-421D-9F79-BB6127A2AC43}.Debug|ARM.Build.0 = Debug
		{7B82DB90-04F6-421D-9F79-BB6127A2AC43}.Debug|Mixed Platforms.ActiveCfg = Debug
		{7B82DB90-04F6-421D-9F79-BB6127A2AC43}.Debug|Mixed Platforms.Build.0 = Debug
		{7B82DB90-04F6-421D-9F79-BB6127A2AC43}.Debug|x86.ActiveCfg = Debug
		{7B82DB90-04F6-421D-9F79-BB6127A2AC43}.Debug|x86.Build.0 = Debug
		{7B82DB90-04F6-421D-9F79-BB6127A2AC43}.Release|Any CPU.ActiveCfg = Release
		{7B82DB90-04F6-421D-9F79-BB6127A2AC43}.Release|Any CPU.Build.0 = Release
		{7B82DB90-04F6-421D-9F79-BB6127A2AC43}.Release|AnyCPU.ActiveCfg = Release
		{7B82DB90-04F6-421D-9F79-BB6127A2AC43}.Release|AnyCPU.Build.0 = Release
		{7B82DB90-04F6-421D-9F79-BB6127A2AC43}.Release|ARM.ActiveCfg = Release
		{7B82DB90-04F6-421D-9F79-BB6127A2AC43}.Release|ARM.Build.0 = Release
		{7B82DB90-04F6-421D-9F79-BB6127A2AC43}.Release|Mixed Platforms.ActiveCfg = Release
		{7B82DB90-04F6-421D-9F79-BB6127A2AC43}.Release|Mixed Platforms.Build.0 = Release
		{7B82DB90-04F6-421D-9F79-BB6127A2AC43}.Release|x86.ActiveCfg = Release
		{7B82DB90-04F6-421D-9F79-BB6127A2AC43}.Release|x86.Build.0 = Release
		{6D86D318-8F9A-443E-8024-E2BE6D1A8031}.Debug|Any CPU.ActiveCfg = Debug
		{6D86D318-8F9A-443E-8024-E2BE6D1A8031}.Debug|Any CPU.Build.0 = Debug
		{6D86D318-8F9A-443E-8024-E2BE6D1A8031}.Debug|AnyCPU.ActiveCfg = Debug
		{6D86D318-8F9A-443E-8024-E2BE6D1A8031}.Debug|AnyCPU.Build.0 = Debug
		{6D86D318-8F9A-443E-8024-E2BE6D1A8031}.Debug|ARM.ActiveCfg = Debug
		{6D86D318-8F9A-443E-8024-E2BE6D1A8031}.Debug|ARM.Build.0 = Debug
		{6D86D318-8F9A-443E-8024-E2BE6D1A8031}.Debug|Mixed Platforms.ActiveCfg = Debug
		{6D86D318-8F9A-443E-8024-E2BE6D1A8031}.Debug|Mixed Platforms.Build.0 = Debug
		{6D86D318-8F9A-443E-8024-E2BE6D1A8031}.Debug|x86.ActiveCfg = Debug
		{6D86D318-8F9A-443E-8024-E2BE6D1A8031}.Debug|x86.Build.0 = Debug
		{6D86D318-8F9A-443E-8024-E2BE6D1A8031}.Release|Any CPU.ActiveCfg = Release
		{6D86D318-8F9A-443E-8024-E2BE6D1A8031}.Release|Any CPU.Build.0 = Release
		{6D86D318-8F9A-443E-8024-E2BE6D1A8031}.Release|AnyCPU.ActiveCfg = Release
		{6D86D318-8F9A-443E-8024-E2BE6D1A8031}.Release|AnyCPU.Build.0 = Release
		{6D86D318-8F9A-443E-8024-E2BE6D1A8031}.Release|ARM.ActiveCfg = Release
		{6D86D318-8F9A-443E-8024-E2BE6D1A8031}.Release|ARM.Build.0 = Release
		{6D86D318-8F9A-443E-8024-E2BE6D1A8031}.Release|Mixed Platforms.ActiveCfg = Release
		{6D86D318-8F9A-443E-8024-E2BE6D1A8031}.Release|Mixed Platforms.Build.0 = Release
		{6D86D318-8F9A-443E-8024-E2BE6D1A8031}.Release|x86.ActiveCfg = Release
		{6D86D318-8F9A-443E-8024-E2BE6D1A8031}.Release|x86.Build.0 = Release
	EndGlobalSection
	GlobalSection(SolutionProperties) = preSolution
		HideSolutionNode = FALSE
	EndGlobalSection
EndGlobal
