
Microsoft Visual Studio Solution File, Format Version 12.00
# Visual Studio 2013
VisualStudioVersion = 12.0.21005.1
MinimumVisualStudioVersion = 10.0.40219.1
Project("{656346D9-4656-40DA-A068-22D5425D4639}") = "PrimeQueryWPF", "PrimeQueryWPF\PrimeQueryWPF.oxygene", "{1B757A46-DA4E-42C9-AD53-EA507F68A695}"
EndProject
Project("{656346D9-4656-40DA-A068-22D5425D4639}") = "Sugar.Echoes", "..\..\lib\sugar\Sugar\Sugar.Echoes.oxygene", "{79301A0C-1F95-4FB0-9605-207E288C6171}"
EndProject
Project("{656346D9-4656-40DA-A068-22D5425D4639}") = "Sugar.Echoes.TestFramework", "..\..\lib\sugar\Sugar.TestFramework\Sugar.Echoes.TestFramework.oxygene", "{532C6E08-1256-4168-8973-08C9D3D7B239}"
EndProject
Project("{656346D9-4656-40DA-A068-22D5425D4639}") = "Sugar.Echoes.Test", "..\..\lib\sugar\Sugar.Tests\Sugar.Echoes.Test.oxygene", "{9F930A22-BE43-4D5A-83F6-4AFC91282E23}"
EndProject
Global
	GlobalSection(SolutionConfigurationPlatforms) = preSolution
		Debug|Mixed Platforms = Debug|Mixed Platforms
		Release|Mixed Platforms = Release|Mixed Platforms
	EndGlobalSection
	GlobalSection(ProjectConfigurationPlatforms) = postSolution
		{1B757A46-DA4E-42C9-AD53-EA507F68A695}.Debug|Mixed Platforms.ActiveCfg = Debug
		{1B757A46-DA4E-42C9-AD53-EA507F68A695}.Debug|Mixed Platforms.Build.0 = Debug
		{1B757A46-DA4E-42C9-AD53-EA507F68A695}.Release|Mixed Platforms.ActiveCfg = Release
		{1B757A46-DA4E-42C9-AD53-EA507F68A695}.Release|Mixed Platforms.Build.0 = Release
		{79301A0C-1F95-4FB0-9605-207E288C6171}.Debug|Mixed Platforms.ActiveCfg = Debug
		{79301A0C-1F95-4FB0-9605-207E288C6171}.Debug|Mixed Platforms.Build.0 = Debug
		{79301A0C-1F95-4FB0-9605-207E288C6171}.Release|Mixed Platforms.ActiveCfg = Release
		{79301A0C-1F95-4FB0-9605-207E288C6171}.Release|Mixed Platforms.Build.0 = Release
		{532C6E08-1256-4168-8973-08C9D3D7B239}.Debug|Mixed Platforms.ActiveCfg = Debug
		{532C6E08-1256-4168-8973-08C9D3D7B239}.Debug|Mixed Platforms.Build.0 = Debug
		{532C6E08-1256-4168-8973-08C9D3D7B239}.Release|Mixed Platforms.ActiveCfg = Release
		{532C6E08-1256-4168-8973-08C9D3D7B239}.Release|Mixed Platforms.Build.0 = Release
		{9F930A22-BE43-4D5A-83F6-4AFC91282E23}.Debug|Mixed Platforms.ActiveCfg = Debug
		{9F930A22-BE43-4D5A-83F6-4AFC91282E23}.Debug|Mixed Platforms.Build.0 = Debug
		{9F930A22-BE43-4D5A-83F6-4AFC91282E23}.Release|Mixed Platforms.ActiveCfg = Release
		{9F930A22-BE43-4D5A-83F6-4AFC91282E23}.Release|Mixed Platforms.Build.0 = Release
	EndGlobalSection
	GlobalSection(SolutionProperties) = preSolution
		HideSolutionNode = FALSE
	EndGlobalSection
EndGlobal
